
Microsoft Visual Studio Solution File, Format Version 12.00
# Visual Studio 15
VisualStudioVersion = 15.0.26730.15
MinimumVisualStudioVersion = 10.0.40219.1
Project("{9A19103F-16F7-4668-BE54-9A1E7A4F7556}") = "mlnet", "mlnet.csproj", "{AC7668E8-5789-4796-B4E1-E0EABFB4DBB9}"
EndProject
Global
	GlobalSection(SolutionConfigurationPlatforms) = preSolution
		Debug|Any CPU = Debug|Any CPU
		Release|Any CPU = Release|Any CPU
	EndGlobalSection
	GlobalSection(ProjectConfigurationPlatforms) = postSolution
		{AC7668E8-5789-4796-B4E1-E0EABFB4DBB9}.Debug|Any CPU.ActiveCfg = Debug|Any CPU
		{AC7668E8-5789-4796-B4E1-E0EABFB4DBB9}.Debug|Any CPU.Build.0 = Debug|Any CPU
		{AC7668E8-5789-4796-B4E1-E0EABFB4DBB9}.Release|Any CPU.ActiveCfg = Release|Any CPU
		{AC7668E8-5789-4796-B4E1-E0EABFB4DBB9}.Release|Any CPU.Build.0 = Release|Any CPU
	EndGlobalSection
	GlobalSection(SolutionProperties) = preSolution
		HideSolutionNode = FALSE
	EndGlobalSection
	GlobalSection(ExtensibilityGlobals) = postSolution
		SolutionGuid = {A2E2B359-440D-4854-9390-7C8074450F40}
	EndGlobalSection
EndGlobal
